
Microsoft Visual Studio Solution File, Format Version 11.00
# Visual Studio 2010
Project("{8BC9CEB8-8B4A-11D0-8D11-00A0C91BC942}") = "Tema5", "Tema5\Tema5.vcxproj", "{7DE9864E-6ECD-4E5E-8E7A-8016C99D690A}"
EndProject
Project("{8BC9CEB8-8B4A-11D0-8D11-00A0C91BC942}") = "Tema6", "Tema6\Tema6.vcxproj", "{8A054E54-A58B-434F-8C4F-84ABF9022A42}"
EndProject
Project("{8BC9CEB8-8B4A-11D0-8D11-00A0C91BC942}") = "Tema7", "Tema7\Tema7.vcxproj", "{9ABC6082-110B-4A9F-AF67-E62086BF2171}"
EndProject
Project("{8BC9CEB8-8B4A-11D0-8D11-00A0C91BC942}") = "Tema8", "Tema8\Tema8.vcxproj", "{9D617CF9-3ADA-4873-94DA-8F1DD30723B3}"
EndProject
Global
	GlobalSection(SolutionConfigurationPlatforms) = preSolution
		Debug|Win32 = Debug|Win32
		Release|Win32 = Release|Win32
	EndGlobalSection
	GlobalSection(ProjectConfigurationPlatforms) = postSolution
		{7DE9864E-6ECD-4E5E-8E7A-8016C99D690A}.Debug|Win32.ActiveCfg = Debug|Win32
		{7DE9864E-6ECD-4E5E-8E7A-8016C99D690A}.Debug|Win32.Build.0 = Debug|Win32
		{7DE9864E-6ECD-4E5E-8E7A-8016C99D690A}.Release|Win32.ActiveCfg = Release|Win32
		{7DE9864E-6ECD-4E5E-8E7A-8016C99D690A}.Release|Win32.Build.0 = Release|Win32
		{8A054E54-A58B-434F-8C4F-84ABF9022A42}.Debug|Win32.ActiveCfg = Debug|Win32
		{8A054E54-A58B-434F-8C4F-84ABF9022A42}.Debug|Win32.Build.0 = Debug|Win32
		{8A054E54-A58B-434F-8C4F-84ABF9022A42}.Release|Win32.ActiveCfg = Release|Win32
		{8A054E54-A58B-434F-8C4F-84ABF9022A42}.Release|Win32.Build.0 = Release|Win32
		{9ABC6082-110B-4A9F-AF67-E62086BF2171}.Debug|Win32.ActiveCfg = Debug|Win32
		{9ABC6082-110B-4A9F-AF67-E62086BF2171}.Debug|Win32.Build.0 = Debug|Win32
		{9ABC6082-110B-4A9F-AF67-E62086BF2171}.Release|Win32.ActiveCfg = Release|Win32
		{9ABC6082-110B-4A9F-AF67-E62086BF2171}.Release|Win32.Build.0 = Release|Win32
		{9D617CF9-3ADA-4873-94DA-8F1DD30723B3}.Debug|Win32.ActiveCfg = Debug|Win32
		{9D617CF9-3ADA-4873-94DA-8F1DD30723B3}.Debug|Win32.Build.0 = Debug|Win32
		{9D617CF9-3ADA-4873-94DA-8F1DD30723B3}.Release|Win32.ActiveCfg = Release|Win32
		{9D617CF9-3ADA-4873-94DA-8F1DD30723B3}.Release|Win32.Build.0 = Release|Win32
	EndGlobalSection
	GlobalSection(SolutionProperties) = preSolution
		HideSolutionNode = FALSE
	EndGlobalSection
EndGlobal
